
Microsoft Visual Studio Solution File, Format Version 12.00
# Visual Studio Version 17
VisualStudioVersion = 17.13.35931.197 d17.13
MinimumVisualStudioVersion = 10.0.40219.1
Project("{FAE04EC0-301F-11D3-BF4B-00C04F79EFBC}") = "ASP.NET_SP", "ASP.NET_SP\ASP.NET_SP.csproj", "{40B79A2C-0AD6-4638-89B1-5B52E4D6EB00}"
EndProject
Global
	GlobalSection(SolutionConfigurationPlatforms) = preSolution
		Debug|Any CPU = Debug|Any CPU
		Release|Any CPU = Release|Any CPU
	EndGlobalSection
	GlobalSection(ProjectConfigurationPlatforms) = postSolution
		{40B79A2C-0AD6-4638-89B1-5B52E4D6EB00}.Debug|Any CPU.ActiveCfg = Debug|Any CPU
		{40B79A2C-0AD6-4638-89B1-5B52E4D6EB00}.Debug|Any CPU.Build.0 = Debug|Any CPU
		{40B79A2C-0AD6-4638-89B1-5B52E4D6EB00}.Release|Any CPU.ActiveCfg = Release|Any CPU
		{40B79A2C-0AD6-4638-89B1-5B52E4D6EB00}.Release|Any CPU.Build.0 = Release|Any CPU
	EndGlobalSection
	GlobalSection(SolutionProperties) = preSolution
		HideSolutionNode = FALSE
	EndGlobalSection
	GlobalSection(ExtensibilityGlobals) = postSolution
		SolutionGuid = {E48C9B6C-BA33-4B8D-BAFF-46BCF0999C82}
	EndGlobalSection
EndGlobal
