
Microsoft Visual Studio Solution File, Format Version 12.00
# Visual Studio Version 17
VisualStudioVersion = 17.14.36414.22 d17.14
MinimumVisualStudioVersion = 10.0.40219.1
Project("{FAE04EC0-301F-11D3-BF4B-00C04F79EFBC}") = "Identity_MVC", "Identity_MVC\Identity_MVC.csproj", "{A2DF5468-158D-4139-A9BB-06E1E8DA308C}"
EndProject
Global
	GlobalSection(SolutionConfigurationPlatforms) = preSolution
		Debug|Any CPU = Debug|Any CPU
		Release|Any CPU = Release|Any CPU
	EndGlobalSection
	GlobalSection(ProjectConfigurationPlatforms) = postSolution
		{A2DF5468-158D-4139-A9BB-06E1E8DA308C}.Debug|Any CPU.ActiveCfg = Debug|Any CPU
		{A2DF5468-158D-4139-A9BB-06E1E8DA308C}.Debug|Any CPU.Build.0 = Debug|Any CPU
		{A2DF5468-158D-4139-A9BB-06E1E8DA308C}.Release|Any CPU.ActiveCfg = Release|Any CPU
		{A2DF5468-158D-4139-A9BB-06E1E8DA308C}.Release|Any CPU.Build.0 = Release|Any CPU
	EndGlobalSection
	GlobalSection(SolutionProperties) = preSolution
		HideSolutionNode = FALSE
	EndGlobalSection
	GlobalSection(ExtensibilityGlobals) = postSolution
		SolutionGuid = {5764E75A-6662-43EF-8AD3-FB2CDFB4BBA7}
	EndGlobalSection
EndGlobal
