
Microsoft Visual Studio Solution File, Format Version 12.00
# Visual Studio Version 17
VisualStudioVersion = 17.13.35931.197 d17.13
MinimumVisualStudioVersion = 10.0.40219.1
Project("{FAE04EC0-301F-11D3-BF4B-00C04F79EFBC}") = "ModelConnected", "ModelConnected\ModelConnected.csproj", "{370E9CDC-AA54-4B5F-ADD3-36E94AF15176}"
EndProject
Global
	GlobalSection(SolutionConfigurationPlatforms) = preSolution
		Debug|Any CPU = Debug|Any CPU
		Release|Any CPU = Release|Any CPU
	EndGlobalSection
	GlobalSection(ProjectConfigurationPlatforms) = postSolution
		{370E9CDC-AA54-4B5F-ADD3-36E94AF15176}.Debug|Any CPU.ActiveCfg = Debug|Any CPU
		{370E9CDC-AA54-4B5F-ADD3-36E94AF15176}.Debug|Any CPU.Build.0 = Debug|Any CPU
		{370E9CDC-AA54-4B5F-ADD3-36E94AF15176}.Release|Any CPU.ActiveCfg = Release|Any CPU
		{370E9CDC-AA54-4B5F-ADD3-36E94AF15176}.Release|Any CPU.Build.0 = Release|Any CPU
	EndGlobalSection
	GlobalSection(SolutionProperties) = preSolution
		HideSolutionNode = FALSE
	EndGlobalSection
	GlobalSection(ExtensibilityGlobals) = postSolution
		SolutionGuid = {A36850AE-33CB-44F7-B4B9-4073E80A770B}
	EndGlobalSection
EndGlobal
