
Microsoft Visual Studio Solution File, Format Version 12.00
# Visual Studio Version 17
VisualStudioVersion = 17.14.36414.22 d17.14
MinimumVisualStudioVersion = 10.0.40219.1
Project("{FAE04EC0-301F-11D3-BF4B-00C04F79EFBC}") = "DataBaseFirst", "DataBaseFirst\DataBaseFirst.csproj", "{A3246B32-CF47-4744-A238-AC93E20EC3EC}"
EndProject
Global
	GlobalSection(SolutionConfigurationPlatforms) = preSolution
		Debug|Any CPU = Debug|Any CPU
		Release|Any CPU = Release|Any CPU
	EndGlobalSection
	GlobalSection(ProjectConfigurationPlatforms) = postSolution
		{A3246B32-CF47-4744-A238-AC93E20EC3EC}.Debug|Any CPU.ActiveCfg = Debug|Any CPU
		{A3246B32-CF47-4744-A238-AC93E20EC3EC}.Debug|Any CPU.Build.0 = Debug|Any CPU
		{A3246B32-CF47-4744-A238-AC93E20EC3EC}.Release|Any CPU.ActiveCfg = Release|Any CPU
		{A3246B32-CF47-4744-A238-AC93E20EC3EC}.Release|Any CPU.Build.0 = Release|Any CPU
	EndGlobalSection
	GlobalSection(SolutionProperties) = preSolution
		HideSolutionNode = FALSE
	EndGlobalSection
	GlobalSection(ExtensibilityGlobals) = postSolution
		SolutionGuid = {27430739-5A2A-4972-AEA1-5216DBB1D4CC}
	EndGlobalSection
EndGlobal
